// !$*UTF8*$!
{
	archiveVersion = 1;
	classes = {
	};
	objectVersion = 46;
	objects = {

/* Begin PBXBuildFile section */
		43459792C9DEA0CB0AD3DBA3 /* Pods_Cosset.framework in Frameworks */ = {isa = PBXBuildFile; fileRef = E112CE6992FCB6C1BAF30354 /* Pods_Cosset.framework */; };
		967F9C2C1C3315D700B90E7F /* AppDelegate.swift in Sources */ = {isa = PBXBuildFile; fileRef = 967F9C2B1C3315D700B90E7F /* AppDelegate.swift */; };
		967F9C311C3315D700B90E7F /* Main.storyboard in Resources */ = {isa = PBXBuildFile; fileRef = 967F9C2F1C3315D700B90E7F /* Main.storyboard */; };
		967F9C331C3315D700B90E7F /* Assets.xcassets in Resources */ = {isa = PBXBuildFile; fileRef = 967F9C321C3315D700B90E7F /* Assets.xcassets */; };
		967F9C361C3315D700B90E7F /* LaunchScreen.storyboard in Resources */ = {isa = PBXBuildFile; fileRef = 967F9C341C3315D700B90E7F /* LaunchScreen.storyboard */; };
		967F9C411C3315D700B90E7F /* CossetTests.swift in Sources */ = {isa = PBXBuildFile; fileRef = 967F9C401C3315D700B90E7F /* CossetTests.swift */; };
		967F9C4C1C3315D700B90E7F /* CossetUITests.swift in Sources */ = {isa = PBXBuildFile; fileRef = 967F9C4B1C3315D700B90E7F /* CossetUITests.swift */; };
		967F9C5F1C33213800B90E7F /* HomeViewController.swift in Sources */ = {isa = PBXBuildFile; fileRef = 967F9C5E1C33213800B90E7F /* HomeViewController.swift */; };
		DBB324F4E03731554C69C5CE /* Pods_CossetUITests.framework in Frameworks */ = {isa = PBXBuildFile; fileRef = B42B0F800B0085BD7C0242A4 /* Pods_CossetUITests.framework */; };
		FB30D38223676704B370044F /* Pods_CossetTests.framework in Frameworks */ = {isa = PBXBuildFile; fileRef = E27D187E32EEA8593B135201 /* Pods_CossetTests.framework */; };
/* End PBXBuildFile section */

/* Begin PBXContainerItemProxy section */
		967F9C3D1C3315D700B90E7F /* PBXContainerItemProxy */ = {
			isa = PBXContainerItemProxy;
			containerPortal = 967F9C201C3315D700B90E7F /* Project object */;
			proxyType = 1;
			remoteGlobalIDString = 967F9C271C3315D700B90E7F;
			remoteInfo = Cosset;
		};
		967F9C481C3315D700B90E7F /* PBXContainerItemProxy */ = {
			isa = PBXContainerItemProxy;
			containerPortal = 967F9C201C3315D700B90E7F /* Project object */;
			proxyType = 1;
			remoteGlobalIDString = 967F9C271C3315D700B90E7F;
			remoteInfo = Cosset;
		};
/* End PBXContainerItemProxy section */

/* Begin PBXFileReference section */
		3EC56E7BF2E684641E0A5401 /* Pods-CossetTests.debug.xcconfig */ = {isa = PBXFileReference; includeInIndex = 1; lastKnownFileType = text.xcconfig; name = "Pods-CossetTests.debug.xcconfig"; path = "Pods/Target Support Files/Pods-CossetTests/Pods-CossetTests.debug.xcconfig"; sourceTree = "<group>"; };
		796C83CEFF33C306D78E8013 /* Pods-CossetUITests.debug.xcconfig */ = {isa = PBXFileReference; includeInIndex = 1; lastKnownFileType = text.xcconfig; name = "Pods-CossetUITests.debug.xcconfig"; path = "Pods/Target Support Files/Pods-CossetUITests/Pods-CossetUITests.debug.xcconfig"; sourceTree = "<group>"; };
		79F9D1D74D23922B4E5D5D65 /* Pods-CossetTests.release.xcconfig */ = {isa = PBXFileReference; includeInIndex = 1; lastKnownFileType = text.xcconfig; name = "Pods-CossetTests.release.xcconfig"; path = "Pods/Target Support Files/Pods-CossetTests/Pods-CossetTests.release.xcconfig"; sourceTree = "<group>"; };
		939FF1746830E5A0EDFCF534 /* Pods-Cosset.release.xcconfig */ = {isa = PBXFileReference; includeInIndex = 1; lastKnownFileType = text.xcconfig; name = "Pods-Cosset.release.xcconfig"; path = "Pods/Target Support Files/Pods-Cosset/Pods-Cosset.release.xcconfig"; sourceTree = "<group>"; };
		967F9C281C3315D700B90E7F /* Cosset.app */ = {isa = PBXFileReference; explicitFileType = wrapper.application; includeInIndex = 0; path = Cosset.app; sourceTree = BUILT_PRODUCTS_DIR; };
		967F9C2B1C3315D700B90E7F /* AppDelegate.swift */ = {isa = PBXFileReference; lastKnownFileType = sourcecode.swift; path = AppDelegate.swift; sourceTree = "<group>"; };
		967F9C301C3315D700B90E7F /* Base */ = {isa = PBXFileReference; lastKnownFileType = file.storyboard; name = Base; path = Base.lproj/Main.storyboard; sourceTree = "<group>"; };
		967F9C321C3315D700B90E7F /* Assets.xcassets */ = {isa = PBXFileReference; lastKnownFileType = folder.assetcatalog; path = Assets.xcassets; sourceTree = "<group>"; };
		967F9C351C3315D700B90E7F /* Base */ = {isa = PBXFileReference; lastKnownFileType = file.storyboard; name = Base; path = Base.lproj/LaunchScreen.storyboard; sourceTree = "<group>"; };
		967F9C371C3315D700B90E7F /* Info.plist */ = {isa = PBXFileReference; lastKnownFileType = text.plist.xml; path = Info.plist; sourceTree = "<group>"; };
		967F9C3C1C3315D700B90E7F /* CossetTests.xctest */ = {isa = PBXFileReference; explicitFileType = wrapper.cfbundle; includeInIndex = 0; path = CossetTests.xctest; sourceTree = BUILT_PRODUCTS_DIR; };
		967F9C401C3315D700B90E7F /* CossetTests.swift */ = {isa = PBXFileReference; lastKnownFileType = sourcecode.swift; path = CossetTests.swift; sourceTree = "<group>"; };
		967F9C421C3315D700B90E7F /* Info.plist */ = {isa = PBXFileReference; lastKnownFileType = text.plist.xml; path = Info.plist; sourceTree = "<group>"; };
		967F9C471C3315D700B90E7F /* CossetUITests.xctest */ = {isa = PBXFileReference; explicitFileType = wrapper.cfbundle; includeInIndex = 0; path = CossetUITests.xctest; sourceTree = BUILT_PRODUCTS_DIR; };
		967F9C4B1C3315D700B90E7F /* CossetUITests.swift */ = {isa = PBXFileReference; lastKnownFileType = sourcecode.swift; path = CossetUITests.swift; sourceTree = "<group>"; };
		967F9C4D1C3315D700B90E7F /* Info.plist */ = {isa = PBXFileReference; lastKnownFileType = text.plist.xml; path = Info.plist; sourceTree = "<group>"; };
		967F9C5E1C33213800B90E7F /* HomeViewController.swift */ = {isa = PBXFileReference; fileEncoding = 4; lastKnownFileType = sourcecode.swift; path = HomeViewController.swift; sourceTree = "<group>"; };
		9D71FE134D4FA5954EDE347B /* Pods-Cosset.debug.xcconfig */ = {isa = PBXFileReference; includeInIndex = 1; lastKnownFileType = text.xcconfig; name = "Pods-Cosset.debug.xcconfig"; path = "Pods/Target Support Files/Pods-Cosset/Pods-Cosset.debug.xcconfig"; sourceTree = "<group>"; };
		B42B0F800B0085BD7C0242A4 /* Pods_CossetUITests.framework */ = {isa = PBXFileReference; explicitFileType = wrapper.framework; includeInIndex = 0; path = Pods_CossetUITests.framework; sourceTree = BUILT_PRODUCTS_DIR; };
		C4A094EDF2E93DB5D445420D /* Pods-CossetUITests.release.xcconfig */ = {isa = PBXFileReference; includeInIndex = 1; lastKnownFileType = text.xcconfig; name = "Pods-CossetUITests.release.xcconfig"; path = "Pods/Target Support Files/Pods-CossetUITests/Pods-CossetUITests.release.xcconfig"; sourceTree = "<group>"; };
		E112CE6992FCB6C1BAF30354 /* Pods_Cosset.framework */ = {isa = PBXFileReference; explicitFileType = wrapper.framework; includeInIndex = 0; path = Pods_Cosset.framework; sourceTree = BUILT_PRODUCTS_DIR; };
		E27D187E32EEA8593B135201 /* Pods_CossetTests.framework */ = {isa = PBXFileReference; explicitFileType = wrapper.framework; includeInIndex = 0; path = Pods_CossetTests.framework; sourceTree = BUILT_PRODUCTS_DIR; };
/* End PBXFileReference section */

/* Begin PBXFrameworksBuildPhase section */
		967F9C251C3315D700B90E7F /* Frameworks */ = {
			isa = PBXFrameworksBuildPhase;
			buildActionMask = 2147483647;
			files = (
				43459792C9DEA0CB0AD3DBA3 /* Pods_Cosset.framework in Frameworks */,
			);
			runOnlyForDeploymentPostprocessing = 0;
		};
		967F9C391C3315D700B90E7F /* Frameworks */ = {
			isa = PBXFrameworksBuildPhase;
			buildActionMask = 2147483647;
			files = (
				FB30D38223676704B370044F /* Pods_CossetTests.framework in Frameworks */,
			);
			runOnlyForDeploymentPostprocessing = 0;
		};
		967F9C441C3315D700B90E7F /* Frameworks */ = {
			isa = PBXFrameworksBuildPhase;
			buildActionMask = 2147483647;
			files = (
				DBB324F4E03731554C69C5CE /* Pods_CossetUITests.framework in Frameworks */,
			);
			runOnlyForDeploymentPostprocessing = 0;
		};
/* End PBXFrameworksBuildPhase section */

/* Begin PBXGroup section */
		225D40A94737ABEE6CDECF77 /* Frameworks */ = {
			isa = PBXGroup;
			children = (
				E112CE6992FCB6C1BAF30354 /* Pods_Cosset.framework */,
				E27D187E32EEA8593B135201 /* Pods_CossetTests.framework */,
				B42B0F800B0085BD7C0242A4 /* Pods_CossetUITests.framework */,
			);
			name = Frameworks;
			sourceTree = "<group>";
		};
		967F9C1F1C3315D700B90E7F = {
			isa = PBXGroup;
			children = (
				967F9C2A1C3315D700B90E7F /* Cosset */,
				967F9C3F1C3315D700B90E7F /* CossetTests */,
				967F9C4A1C3315D700B90E7F /* CossetUITests */,
				967F9C291C3315D700B90E7F /* Products */,
				E314D5D78971776304AA16AE /* Pods */,
				225D40A94737ABEE6CDECF77 /* Frameworks */,
			);
			sourceTree = "<group>";
		};
		967F9C291C3315D700B90E7F /* Products */ = {
			isa = PBXGroup;
			children = (
				967F9C281C3315D700B90E7F /* Cosset.app */,
				967F9C3C1C3315D700B90E7F /* CossetTests.xctest */,
				967F9C471C3315D700B90E7F /* CossetUITests.xctest */,
			);
			name = Products;
			sourceTree = "<group>";
		};
		967F9C2A1C3315D700B90E7F /* Cosset */ = {
			isa = PBXGroup;
			children = (
				967F9C591C3317BD00B90E7F /* Models */,
				967F9C5B1C33181D00B90E7F /* View */,
				967F9C5A1C3317D600B90E7F /* Controllers */,
				967F9C5D1C33183B00B90E7F /* Config */,
			);
			path = Cosset;
			sourceTree = "<group>";
		};
		967F9C3F1C3315D700B90E7F /* CossetTests */ = {
			isa = PBXGroup;
			children = (
				967F9C401C3315D700B90E7F /* CossetTests.swift */,
				967F9C421C3315D700B90E7F /* Info.plist */,
			);
			path = CossetTests;
			sourceTree = "<group>";
		};
		967F9C4A1C3315D700B90E7F /* CossetUITests */ = {
			isa = PBXGroup;
			children = (
				967F9C4B1C3315D700B90E7F /* CossetUITests.swift */,
				967F9C4D1C3315D700B90E7F /* Info.plist */,
			);
			path = CossetUITests;
			sourceTree = "<group>";
		};
		967F9C591C3317BD00B90E7F /* Models */ = {
			isa = PBXGroup;
			children = (
			);
			name = Models;
			sourceTree = "<group>";
		};
		967F9C5A1C3317D600B90E7F /* Controllers */ = {
			isa = PBXGroup;
			children = (
				967F9C2B1C3315D700B90E7F /* AppDelegate.swift */,
				967F9C5E1C33213800B90E7F /* HomeViewController.swift */,
			);
			name = Controllers;
			sourceTree = "<group>";
		};
		967F9C5B1C33181D00B90E7F /* View */ = {
			isa = PBXGroup;
			children = (
				967F9C2F1C3315D700B90E7F /* Main.storyboard */,
				967F9C321C3315D700B90E7F /* Assets.xcassets */,
				967F9C341C3315D700B90E7F /* LaunchScreen.storyboard */,
			);
			name = View;
			sourceTree = "<group>";
		};
		967F9C5D1C33183B00B90E7F /* Config */ = {
			isa = PBXGroup;
			children = (
				967F9C371C3315D700B90E7F /* Info.plist */,
			);
			name = Config;
			sourceTree = "<group>";
		};
		E314D5D78971776304AA16AE /* Pods */ = {
			isa = PBXGroup;
			children = (
				9D71FE134D4FA5954EDE347B /* Pods-Cosset.debug.xcconfig */,
				939FF1746830E5A0EDFCF534 /* Pods-Cosset.release.xcconfig */,
				3EC56E7BF2E684641E0A5401 /* Pods-CossetTests.debug.xcconfig */,
				79F9D1D74D23922B4E5D5D65 /* Pods-CossetTests.release.xcconfig */,
				796C83CEFF33C306D78E8013 /* Pods-CossetUITests.debug.xcconfig */,
				C4A094EDF2E93DB5D445420D /* Pods-CossetUITests.release.xcconfig */,
			);
			name = Pods;
			sourceTree = "<group>";
		};
/* End PBXGroup section */

/* Begin PBXNativeTarget section */
		967F9C271C3315D700B90E7F /* Cosset */ = {
			isa = PBXNativeTarget;
			buildConfigurationList = 967F9C501C3315D700B90E7F /* Build configuration list for PBXNativeTarget "Cosset" */;
			buildPhases = (
				BD9A2A511C7A5148DE6F382D /* Check Pods Manifest.lock */,
				967F9C241C3315D700B90E7F /* Sources */,
				967F9C251C3315D700B90E7F /* Frameworks */,
				967F9C261C3315D700B90E7F /* Resources */,
				9351B74F285C1C4BB17B04C9 /* Embed Pods Frameworks */,
				B233A32E471082EFC2FE00F1 /* Copy Pods Resources */,
			);
			buildRules = (
			);
			dependencies = (
			);
			name = Cosset;
			productName = Cosset;
			productReference = 967F9C281C3315D700B90E7F /* Cosset.app */;
			productType = "com.apple.product-type.application";
		};
		967F9C3B1C3315D700B90E7F /* CossetTests */ = {
			isa = PBXNativeTarget;
			buildConfigurationList = 967F9C531C3315D700B90E7F /* Build configuration list for PBXNativeTarget "CossetTests" */;
			buildPhases = (
				F0878BC7880426929B1D6358 /* Check Pods Manifest.lock */,
				967F9C381C3315D700B90E7F /* Sources */,
				967F9C391C3315D700B90E7F /* Frameworks */,
				967F9C3A1C3315D700B90E7F /* Resources */,
				993DCFA0EFDA8519F6C11079 /* Embed Pods Frameworks */,
				211A42E0800B3B23B47C13EE /* Copy Pods Resources */,
			);
			buildRules = (
			);
			dependencies = (
				967F9C3E1C3315D700B90E7F /* PBXTargetDependency */,
			);
			name = CossetTests;
			productName = CossetTests;
			productReference = 967F9C3C1C3315D700B90E7F /* CossetTests.xctest */;
			productType = "com.apple.product-type.bundle.unit-test";
		};
		967F9C461C3315D700B90E7F /* CossetUITests */ = {
			isa = PBXNativeTarget;
			buildConfigurationList = 967F9C561C3315D700B90E7F /* Build configuration list for PBXNativeTarget "CossetUITests" */;
			buildPhases = (
				DA3DB7A2B286F849DFD8404C /* Check Pods Manifest.lock */,
				967F9C431C3315D700B90E7F /* Sources */,
				967F9C441C3315D700B90E7F /* Frameworks */,
				967F9C451C3315D700B90E7F /* Resources */,
				BA303A0EB68DB919C6B8C434 /* Copy Pods Resources */,
			);
			buildRules = (
			);
			dependencies = (
				967F9C491C3315D700B90E7F /* PBXTargetDependency */,
			);
			name = CossetUITests;
			productName = CossetUITests;
			productReference = 967F9C471C3315D700B90E7F /* CossetUITests.xctest */;
			productType = "com.apple.product-type.bundle.ui-testing";
		};
/* End PBXNativeTarget section */

/* Begin PBXProject section */
		967F9C201C3315D700B90E7F /* Project object */ = {
			isa = PBXProject;
			attributes = {
				LastSwiftUpdateCheck = 0720;
				LastUpgradeCheck = 0720;
				ORGANIZATIONNAME = Cosset;
				TargetAttributes = {
					967F9C271C3315D700B90E7F = {
						CreatedOnToolsVersion = 7.2;
						DevelopmentTeam = K8HU92W3ZM;
					};
					967F9C3B1C3315D700B90E7F = {
						CreatedOnToolsVersion = 7.2;
						TestTargetID = 967F9C271C3315D700B90E7F;
					};
					967F9C461C3315D700B90E7F = {
						CreatedOnToolsVersion = 7.2;
						TestTargetID = 967F9C271C3315D700B90E7F;
					};
				};
			};
			buildConfigurationList = 967F9C231C3315D700B90E7F /* Build configuration list for PBXProject "Cosset" */;
			compatibilityVersion = "Xcode 3.2";
			developmentRegion = English;
			hasScannedForEncodings = 0;
			knownRegions = (
				en,
				Base,
			);
			mainGroup = 967F9C1F1C3315D700B90E7F;
			productRefGroup = 967F9C291C3315D700B90E7F /* Products */;
			projectDirPath = "";
			projectRoot = "";
			targets = (
				967F9C271C3315D700B90E7F /* Cosset */,
				967F9C3B1C3315D700B90E7F /* CossetTests */,
				967F9C461C3315D700B90E7F /* CossetUITests */,
			);
		};
/* End PBXProject section */

/* Begin PBXResourcesBuildPhase section */
		967F9C261C3315D700B90E7F /* Resources */ = {
			isa = PBXResourcesBuildPhase;
			buildActionMask = 2147483647;
			files = (
				967F9C361C3315D700B90E7F /* LaunchScreen.storyboard in Resources */,
				967F9C331C3315D700B90E7F /* Assets.xcassets in Resources */,
				967F9C311C3315D700B90E7F /* Main.storyboard in Resources */,
			);
			runOnlyForDeploymentPostprocessing = 0;
		};
		967F9C3A1C3315D700B90E7F /* Resources */ = {
			isa = PBXResourcesBuildPhase;
			buildActionMask = 2147483647;
			files = (
			);
			runOnlyForDeploymentPostprocessing = 0;
		};
		967F9C451C3315D700B90E7F /* Resources */ = {
			isa = PBXResourcesBuildPhase;
			buildActionMask = 2147483647;
			files = (
			);
			runOnlyForDeploymentPostprocessing = 0;
		};
/* End PBXResourcesBuildPhase section */

/* Begin PBXShellScriptBuildPhase section */
		211A42E0800B3B23B47C13EE /* Copy Pods Resources */ = {
			isa = PBXShellScriptBuildPhase;
			buildActionMask = 2147483647;
			files = (
			);
			inputPaths = (
			);
			name = "Copy Pods Resources";
			outputPaths = (
			);
			runOnlyForDeploymentPostprocessing = 0;
			shellPath = /bin/sh;
			shellScript = "\"${SRCROOT}/Pods/Target Support Files/Pods-CossetTests/Pods-CossetTests-resources.sh\"\n";
			showEnvVarsInLog = 0;
		};
		9351B74F285C1C4BB17B04C9 /* Embed Pods Frameworks */ = {
			isa = PBXShellScriptBuildPhase;
			buildActionMask = 2147483647;
			files = (
			);
			inputPaths = (
			);
			name = "Embed Pods Frameworks";
			outputPaths = (
			);
			runOnlyForDeploymentPostprocessing = 0;
			shellPath = /bin/sh;
			shellScript = "\"${SRCROOT}/Pods/Target Support Files/Pods-Cosset/Pods-Cosset-frameworks.sh\"\n";
			showEnvVarsInLog = 0;
		};
		993DCFA0EFDA8519F6C11079 /* Embed Pods Frameworks */ = {
			isa = PBXShellScriptBuildPhase;
			buildActionMask = 2147483647;
			files = (
			);
			inputPaths = (
			);
			name = "Embed Pods Frameworks";
			outputPaths = (
			);
			runOnlyForDeploymentPostprocessing = 0;
			shellPath = /bin/sh;
			shellScript = "\"${SRCROOT}/Pods/Target Support Files/Pods-CossetTests/Pods-CossetTests-frameworks.sh\"\n";
			showEnvVarsInLog = 0;
		};
		B233A32E471082EFC2FE00F1 /* Copy Pods Resources */ = {
			isa = PBXShellScriptBuildPhase;
			buildActionMask = 2147483647;
			files = (
			);
			inputPaths = (
			);
			name = "Copy Pods Resources";
			outputPaths = (
			);
			runOnlyForDeploymentPostprocessing = 0;
			shellPath = /bin/sh;
			shellScript = "\"${SRCROOT}/Pods/Target Support Files/Pods-Cosset/Pods-Cosset-resources.sh\"\n";
			showEnvVarsInLog = 0;
		};
		BA303A0EB68DB919C6B8C434 /* Copy Pods Resources */ = {
			isa = PBXShellScriptBuildPhase;
			buildActionMask = 2147483647;
			files = (
			);
			inputPaths = (
			);
			name = "Copy Pods Resources";
			outputPaths = (
			);
			runOnlyForDeploymentPostprocessing = 0;
			shellPath = /bin/sh;
			shellScript = "\"${SRCROOT}/Pods/Target Support Files/Pods-CossetUITests/Pods-CossetUITests-resources.sh\"\n";
			showEnvVarsInLog = 0;
		};
		BD9A2A511C7A5148DE6F382D /* Check Pods Manifest.lock */ = {
			isa = PBXShellScriptBuildPhase;
			buildActionMask = 2147483647;
			files = (
			);
			inputPaths = (
			);
			name = "Check Pods Manifest.lock";
			outputPaths = (
			);
			runOnlyForDeploymentPostprocessing = 0;
			shellPath = /bin/sh;
			shellScript = "diff \"${PODS_ROOT}/../Podfile.lock\" \"${PODS_ROOT}/Manifest.lock\" > /dev/null\nif [[ $? != 0 ]] ; then\n    cat << EOM\nerror: The sandbox is not in sync with the Podfile.lock. Run 'pod install' or update your CocoaPods installation.\nEOM\n    exit 1\nfi\n";
			showEnvVarsInLog = 0;
		};
		DA3DB7A2B286F849DFD8404C /* Check Pods Manifest.lock */ = {
			isa = PBXShellScriptBuildPhase;
			buildActionMask = 2147483647;
			files = (
			);
			inputPaths = (
			);
			name = "Check Pods Manifest.lock";
			outputPaths = (
			);
			runOnlyForDeploymentPostprocessing = 0;
			shellPath = /bin/sh;
			shellScript = "diff \"${PODS_ROOT}/../Podfile.lock\" \"${PODS_ROOT}/Manifest.lock\" > /dev/null\nif [[ $? != 0 ]] ; then\n    cat << EOM\nerror: The sandbox is not in sync with the Podfile.lock. Run 'pod install' or update your CocoaPods installation.\nEOM\n    exit 1\nfi\n";
			showEnvVarsInLog = 0;
		};
		F0878BC7880426929B1D6358 /* Check Pods Manifest.lock */ = {
			isa = PBXShellScriptBuildPhase;
			buildActionMask = 2147483647;
			files = (
			);
			inputPaths = (
			);
			name = "Check Pods Manifest.lock";
			outputPaths = (
			);
			runOnlyForDeploymentPostprocessing = 0;
			shellPath = /bin/sh;
			shellScript = "diff \"${PODS_ROOT}/../Podfile.lock\" \"${PODS_ROOT}/Manifest.lock\" > /dev/null\nif [[ $? != 0 ]] ; then\n    cat << EOM\nerror: The sandbox is not in sync with the Podfile.lock. Run 'pod install' or update your CocoaPods installation.\nEOM\n    exit 1\nfi\n";
			showEnvVarsInLog = 0;
		};
/* End PBXShellScriptBuildPhase section */

/* Begin PBXSourcesBuildPhase section */
		967F9C241C3315D700B90E7F /* Sources */ = {
			isa = PBXSourcesBuildPhase;
			buildActionMask = 2147483647;
			files = (
				967F9C2C1C3315D700B90E7F /* AppDelegate.swift in Sources */,
				967F9C5F1C33213800B90E7F /* HomeViewController.swift in Sources */,
			);
			runOnlyForDeploymentPostprocessing = 0;
		};
		967F9C381C3315D700B90E7F /* Sources */ = {
			isa = PBXSourcesBuildPhase;
			buildActionMask = 2147483647;
			files = (
				967F9C411C3315D700B90E7F /* CossetTests.swift in Sources */,
			);
			runOnlyForDeploymentPostprocessing = 0;
		};
		967F9C431C3315D700B90E7F /* Sources */ = {
			isa = PBXSourcesBuildPhase;
			buildActionMask = 2147483647;
			files = (
				967F9C4C1C3315D700B90E7F /* CossetUITests.swift in Sources */,
			);
			runOnlyForDeploymentPostprocessing = 0;
		};
/* End PBXSourcesBuildPhase section */

/* Begin PBXTargetDependency section */
		967F9C3E1C3315D700B90E7F /* PBXTargetDependency */ = {
			isa = PBXTargetDependency;
			target = 967F9C271C3315D700B90E7F /* Cosset */;
			targetProxy = 967F9C3D1C3315D700B90E7F /* PBXContainerItemProxy */;
		};
		967F9C491C3315D700B90E7F /* PBXTargetDependency */ = {
			isa = PBXTargetDependency;
			target = 967F9C271C3315D700B90E7F /* Cosset */;
			targetProxy = 967F9C481C3315D700B90E7F /* PBXContainerItemProxy */;
		};
/* End PBXTargetDependency section */

/* Begin PBXVariantGroup section */
		967F9C2F1C3315D700B90E7F /* Main.storyboard */ = {
			isa = PBXVariantGroup;
			children = (
				967F9C301C3315D700B90E7F /* Base */,
			);
			name = Main.storyboard;
			sourceTree = "<group>";
		};
		967F9C341C3315D700B90E7F /* LaunchScreen.storyboard */ = {
			isa = PBXVariantGroup;
			children = (
				967F9C351C3315D700B90E7F /* Base */,
			);
			name = LaunchScreen.storyboard;
			sourceTree = "<group>";
		};
/* End PBXVariantGroup section */

/* Begin XCBuildConfiguration section */
		967F9C4E1C3315D700B90E7F /* Debug */ = {
			isa = XCBuildConfiguration;
			buildSettings = {
				ALWAYS_SEARCH_USER_PATHS = NO;
				CLANG_CXX_LANGUAGE_STANDARD = "gnu++0x";
				CLANG_CXX_LIBRARY = "libc++";
				CLANG_ENABLE_MODULES = YES;
				CLANG_ENABLE_OBJC_ARC = YES;
				CLANG_WARN_BOOL_CONVERSION = YES;
				CLANG_WARN_CONSTANT_CONVERSION = YES;
				CLANG_WARN_DIRECT_OBJC_ISA_USAGE = YES_ERROR;
				CLANG_WARN_EMPTY_BODY = YES;
				CLANG_WARN_ENUM_CONVERSION = YES;
				CLANG_WARN_INT_CONVERSION = YES;
				CLANG_WARN_OBJC_ROOT_CLASS = YES_ERROR;
				CLANG_WARN_UNREACHABLE_CODE = YES;
				CLANG_WARN__DUPLICATE_METHOD_MATCH = YES;
				"CODE_SIGN_IDENTITY[sdk=iphoneos*]" = "iPhone Developer";
				COPY_PHASE_STRIP = NO;
				DEBUG_INFORMATION_FORMAT = dwarf;
				ENABLE_STRICT_OBJC_MSGSEND = YES;
				ENABLE_TESTABILITY = YES;
				GCC_C_LANGUAGE_STANDARD = gnu99;
				GCC_DYNAMIC_NO_PIC = NO;
				GCC_NO_COMMON_BLOCKS = YES;
				GCC_OPTIMIZATION_LEVEL = 0;
				GCC_PREPROCESSOR_DEFINITIONS = (
					"DEBUG=1",
					"$(inherited)",
				);
				GCC_WARN_64_TO_32_BIT_CONVERSION = YES;
				GCC_WARN_ABOUT_RETURN_TYPE = YES_ERROR;
				GCC_WARN_UNDECLARED_SELECTOR = YES;
				GCC_WARN_UNINITIALIZED_AUTOS = YES_AGGRESSIVE;
				GCC_WARN_UNUSED_FUNCTION = YES;
				GCC_WARN_UNUSED_VARIABLE = YES;
				IPHONEOS_DEPLOYMENT_TARGET = 9.2;
				MTL_ENABLE_DEBUG_INFO = YES;
				ONLY_ACTIVE_ARCH = YES;
				SDKROOT = iphoneos;
				SWIFT_OPTIMIZATION_LEVEL = "-Onone";
			};
			name = Debug;
		};
		967F9C4F1C3315D700B90E7F /* Release */ = {
			isa = XCBuildConfiguration;
			buildSettings = {
				ALWAYS_SEARCH_USER_PATHS = NO;
				CLANG_CXX_LANGUAGE_STANDARD = "gnu++0x";
				CLANG_CXX_LIBRARY = "libc++";
				CLANG_ENABLE_MODULES = YES;
				CLANG_ENABLE_OBJC_ARC = YES;
				CLANG_WARN_BOOL_CONVERSION = YES;
				CLANG_WARN_CONSTANT_CONVERSION = YES;
				CLANG_WARN_DIRECT_OBJC_ISA_USAGE = YES_ERROR;
				CLANG_WARN_EMPTY_BODY = YES;
				CLANG_WARN_ENUM_CONVERSION = YES;
				CLANG_WARN_INT_CONVERSION = YES;
				CLANG_WARN_OBJC_ROOT_CLASS = YES_ERROR;
				CLANG_WARN_UNREACHABLE_CODE = YES;
				CLANG_WARN__DUPLICATE_METHOD_MATCH = YES;
				"CODE_SIGN_IDENTITY[sdk=iphoneos*]" = "iPhone Developer";
				COPY_PHASE_STRIP = NO;
				DEBUG_INFORMATION_FORMAT = "dwarf-with-dsym";
				ENABLE_NS_ASSERTIONS = NO;
				ENABLE_STRICT_OBJC_MSGSEND = YES;
				GCC_C_LANGUAGE_STANDARD = gnu99;
				GCC_NO_COMMON_BLOCKS = YES;
				GCC_WARN_64_TO_32_BIT_CONVERSION = YES;
				GCC_WARN_ABOUT_RETURN_TYPE = YES_ERROR;
				GCC_WARN_UNDECLARED_SELECTOR = YES;
				GCC_WARN_UNINITIALIZED_AUTOS = YES_AGGRESSIVE;
				GCC_WARN_UNUSED_FUNCTION = YES;
				GCC_WARN_UNUSED_VARIABLE = YES;
				IPHONEOS_DEPLOYMENT_TARGET = 9.2;
				MTL_ENABLE_DEBUG_INFO = NO;
				SDKROOT = iphoneos;
				VALIDATE_PRODUCT = YES;
			};
			name = Release;
		};
		967F9C511C3315D700B90E7F /* Debug */ = {
			isa = XCBuildConfiguration;
			baseConfigurationReference = 9D71FE134D4FA5954EDE347B /* Pods-Cosset.debug.xcconfig */;
			buildSettings = {
				ASSETCATALOG_COMPILER_APPICON_NAME = AppIcon;
				CODE_SIGN_IDENTITY = "iPhone Developer";
				INFOPLIST_FILE = Cosset/Info.plist;
				IPHONEOS_DEPLOYMENT_TARGET = 9.2;
				LD_RUNPATH_SEARCH_PATHS = "$(inherited) @executable_path/Frameworks";
				PRODUCT_BUNDLE_IDENTIFIER = com.Cosset.Cosset;
				PRODUCT_NAME = "$(TARGET_NAME)";
			};
			name = Debug;
		};
		967F9C521C3315D700B90E7F /* Release */ = {
			isa = XCBuildConfiguration;
			baseConfigurationReference = 939FF1746830E5A0EDFCF534 /* Pods-Cosset.release.xcconfig */;
			buildSettings = {
				ASSETCATALOG_COMPILER_APPICON_NAME = AppIcon;
				CODE_SIGN_IDENTITY = "iPhone Developer";
				INFOPLIST_FILE = Cosset/Info.plist;
				IPHONEOS_DEPLOYMENT_TARGET = 9.2;
				LD_RUNPATH_SEARCH_PATHS = "$(inherited) @executable_path/Frameworks";
				PRODUCT_BUNDLE_IDENTIFIER = com.Cosset.Cosset;
				PRODUCT_NAME = "$(TARGET_NAME)";
			};
			name = Release;
		};
		967F9C541C3315D700B90E7F /* Debug */ = {
			isa = XCBuildConfiguration;
			baseConfigurationReference = 3EC56E7BF2E684641E0A5401 /* Pods-CossetTests.debug.xcconfig */;
			buildSettings = {
				BUNDLE_LOADER = "$(TEST_HOST)";
				INFOPLIST_FILE = CossetTests/Info.plist;
				LD_RUNPATH_SEARCH_PATHS = "$(inherited) @executable_path/Frameworks @loader_path/Frameworks";
				PRODUCT_BUNDLE_IDENTIFIER = com.Cosset.CossetTests;
				PRODUCT_NAME = "$(TARGET_NAME)";
				TEST_HOST = "$(BUILT_PRODUCTS_DIR)/Cosset.app/Cosset";
			};
			name = Debug;
		};
		967F9C551C3315D700B90E7F /* Release */ = {
			isa = XCBuildConfiguration;
			baseConfigurationReference = 79F9D1D74D23922B4E5D5D65 /* Pods-CossetTests.release.xcconfig */;
			buildSettings = {
				BUNDLE_LOADER = "$(TEST_HOST)";
				INFOPLIST_FILE = CossetTests/Info.plist;
				LD_RUNPATH_SEARCH_PATHS = "$(inherited) @executable_path/Frameworks @loader_path/Frameworks";
				PRODUCT_BUNDLE_IDENTIFIER = com.Cosset.CossetTests;
				PRODUCT_NAME = "$(TARGET_NAME)";
				TEST_HOST = "$(BUILT_PRODUCTS_DIR)/Cosset.app/Cosset";
			};
			name = Release;
		};
		967F9C571C3315D700B90E7F /* Debug */ = {
			isa = XCBuildConfiguration;
			baseConfigurationReference = 796C83CEFF33C306D78E8013 /* Pods-CossetUITests.debug.xcconfig */;
			buildSettings = {
				INFOPLIST_FILE = CossetUITests/Info.plist;
				LD_RUNPATH_SEARCH_PATHS = "$(inherited) @executable_path/Frameworks @loader_path/Frameworks";
				PRODUCT_BUNDLE_IDENTIFIER = com.Cosset.CossetUITests;
				PRODUCT_NAME = "$(TARGET_NAME)";
				TEST_TARGET_NAME = Cosset;
				USES_XCTRUNNER = YES;
			};
			name = Debug;
		};
		967F9C581C3315D700B90E7F /* Release */ = {
			isa = XCBuildConfiguration;
			baseConfigurationReference = C4A094EDF2E93DB5D445420D /* Pods-CossetUITests.release.xcconfig */;
			buildSettings = {
				INFOPLIST_FILE = CossetUITests/Info.plist;
				LD_RUNPATH_SEARCH_PATHS = "$(inherited) @executable_path/Frameworks @loader_path/Frameworks";
				PRODUCT_BUNDLE_IDENTIFIER = com.Cosset.CossetUITests;
				PRODUCT_NAME = "$(TARGET_NAME)";
				TEST_TARGET_NAME = Cosset;
				USES_XCTRUNNER = YES;
			};
			name = Release;
		};
/* End XCBuildConfiguration section */

/* Begin XCConfigurationList section */
		967F9C231C3315D700B90E7F /* Build configuration list for PBXProject "Cosset" */ = {
			isa = XCConfigurationList;
			buildConfigurations = (
				967F9C4E1C3315D700B90E7F /* Debug */,
				967F9C4F1C3315D700B90E7F /* Release */,
			);
			defaultConfigurationIsVisible = 0;
			defaultConfigurationName = Release;
		};
		967F9C501C3315D700B90E7F /* Build configuration list for PBXNativeTarget "Cosset" */ = {
			isa = XCConfigurationList;
			buildConfigurations = (
				967F9C511C3315D700B90E7F /* Debug */,
				967F9C521C3315D700B90E7F /* Release */,
			);
			defaultConfigurationIsVisible = 0;
			defaultConfigurationName = Release;
		};
		967F9C531C3315D700B90E7F /* Build configuration list for PBXNativeTarget "CossetTests" */ = {
			isa = XCConfigurationList;
			buildConfigurations = (
				967F9C541C3315D700B90E7F /* Debug */,
				967F9C551C3315D700B90E7F /* Release */,
			);
			defaultConfigurationIsVisible = 0;
			defaultConfigurationName = Release;
		};
		967F9C561C3315D700B90E7F /* Build configuration list for PBXNativeTarget "CossetUITests" */ = {
			isa = XCConfigurationList;
			buildConfigurations = (
				967F9C571C3315D700B90E7F /* Debug */,
				967F9C581C3315D700B90E7F /* Release */,
			);
			defaultConfigurationIsVisible = 0;
			defaultConfigurationName = Release;
		};
/* End XCConfigurationList section */
	};
	rootObject = 967F9C201C3315D700B90E7F /* Project object */;
}
